PODS:
  - AFNetworking (3.2.1):
    - AFNetworking/NSURLSession (= 3.2.1)
    - AFNetworking/Reachability (= 3.2.1)
    - AFNetworking/Security (= 3.2.1)
    - AFNetworking/Serialization (= 3.2.1)
    - AFNetworking/UIKit (= 3.2.1)
  - AFNetworking/NSURLSession (3.2.1):
    - AFNetworking/Reachability
    - AFNetworking/Security
    - AFNetworking/Serialization
  - AFNetworking/Reachability (3.2.1)
  - AFNetworking/Security (3.2.1)
  - AFNetworking/Serialization (3.2.1)
  - AFNetworking/UIKit (3.2.1):
    - AFNetworking/NSURLSession
  - BlocksKit (2.2.5):
    - BlocksKit/All (= 2.2.5)
  - BlocksKit/All (2.2.5):
    - BlocksKit/Core
    - BlocksKit/DynamicDelegate
    - BlocksKit/MessageUI
    - BlocksKit/UIKit
  - BlocksKit/Core (2.2.5)
  - BlocksKit/DynamicDelegate (2.2.5)
  - BlocksKit/MessageUI (2.2.5):
    - BlocksKit/Core
    - BlocksKit/DynamicDelegate
  - BlocksKit/UIKit (2.2.5):
    - BlocksKit/Core
    - BlocksKit/DynamicDelegate
  - IJKMediaFramework (0.1.3)
  - LGAlertHUD (1.1.3):
    - LGAlertHUD/AlertView (= 1.1.3)
    - LGAlertHUD/AnswerAlertView (= 1.1.3)
    - LGAlertHUD/YJSheetView (= 1.1.3)
    - Masonry
    - YJExtensions
  - LGAlertHUD/AlertView (1.1.3):
    - Masonry
    - YJExtensions
  - LGAlertHUD/AnswerAlertView (1.1.3):
    - Masonry
    - YJExtensions
  - LGAlertHUD/YJSheetView (1.1.3):
    - Masonry
    - YJExtensions
  - LGDictionary (1.0.8):
    - BlocksKit
    - Masonry
    - MJExtension
    - XMLDictionary
    - YJActivityIndicatorView
  - LGLog (1.0.2):
    - LGLog/LGLogManager (= 1.0.2)
    - LGLog/YJCocoaLumberjack (= 1.0.2)
  - LGLog/LGLogManager (1.0.2):
    - LGLog/YJCocoaLumberjack
  - LGLog/YJCocoaLumberjack (1.0.2)
  - LGNote (1.5.9):
    - AFNetworking
    - BlocksKit
    - LGAlertHUD
    - Masonry
    - MJExtension
    - MJRefresh
    - ReactiveObjC
    - SDWebImage
    - TFHpple
    - YJBaseModule
    - YYImage
  - LGTalk (1.1.9):
    - AFNetworking
    - LGAlertHUD
    - LGTalk/Category (= 1.1.9)
    - LGTalk/Const (= 1.1.9)
    - LGTalk/Utils (= 1.1.9)
    - Masonry
    - MJExtension
    - MJRefresh
    - SDWebImage
    - TFHpple
    - XMLDictionary
    - YJPresentAnimation
  - LGTalk/Category (1.1.9):
    - AFNetworking
    - LGAlertHUD
    - LGTalk/Const
    - Masonry
    - MJExtension
    - MJRefresh
    - SDWebImage
    - TFHpple
    - XMLDictionary
    - YJPresentAnimation
  - LGTalk/Const (1.1.9):
    - AFNetworking
    - LGAlertHUD
    - Masonry
    - MJExtension
    - MJRefresh
    - SDWebImage
    - TFHpple
    - XMLDictionary
    - YJPresentAnimation
  - LGTalk/Utils (1.1.9):
    - AFNetworking
    - LGAlertHUD
    - LGTalk/Utils/ActivityIndicatorView (= 1.1.9)
    - LGTalk/Utils/ImagePickerController (= 1.1.9)
    - LGTalk/Utils/Photo (= 1.1.9)
    - Masonry
    - MJExtension
    - MJRefresh
    - SDWebImage
    - TFHpple
    - XMLDictionary
    - YJPresentAnimation
  - LGTalk/Utils/ActivityIndicatorView (1.1.9):
    - AFNetworking
    - LGAlertHUD
    - Masonry
    - MJExtension
    - MJRefresh
    - SDWebImage
    - TFHpple
    - XMLDictionary
    - YJPresentAnimation
  - LGTalk/Utils/ImagePickerController (1.1.9):
    - AFNetworking
    - LGAlertHUD
    - Masonry
    - MJExtension
    - MJRefresh
    - SDWebImage
    - TFHpple
    - XMLDictionary
    - YJPresentAnimation
  - LGTalk/Utils/Photo (1.1.9):
    - AFNetworking
    - LGAlertHUD
    - LGTalk/Category
    - LGTalk/Const
    - Masonry
    - MJExtension
    - MJRefresh
    - SDWebImage
    - TFHpple
    - XMLDictionary
    - YJPresentAnimation
  - LGTeachingMaterialFramework (1.0.5):
    - BlocksKit
    - LGAlertHUD
    - LGDictionary
    - LGNote
    - MarqueeLabel (= 3.2.0)
    - Masonry
    - MJExtension
    - MJRefresh
    - MSWeakTimer
    - PSGChainedMode
    - ReactiveObjC
    - SDWebImage
    - SGTools
    - TFHpple
    - XMLDictionary
    - YJBaseModule
    - YJExtensions
    - YJFontAlertView
    - YJImageBrowser
    - YJMediaPlayer
    - YJNetManager
    - YJPresentAnimation
    - YJSearchController
    - YJTaskMark
    - YJTaskModule
  - MarqueeLabel (3.2.0):
    - MarqueeLabel/ObjC (= 3.2.0)
  - MarqueeLabel/ObjC (3.2.0)
  - Masonry (1.1.0)
  - MJExtension (3.2.1)
  - MJRefresh (3.3.1)
  - MSWeakTimer (1.1.0)
  - PSGChainedMode (1.2.0):
    - ReactiveObjC
  - Reachability (3.2)
  - ReactiveObjC (3.1.1)
  - SDWebImage (5.4.2):
    - SDWebImage/Core (= 5.4.2)
  - SDWebImage/Core (5.4.2)
  - SGTools (1.3.6):
    - SGTools/SGAlertView (= 1.3.6)
    - SGTools/SGAudioPlayer (= 1.3.6)
    - SGTools/SGCheckBox (= 1.3.6)
    - SGTools/SGCollectionViewFlowLayout (= 1.3.6)
    - SGTools/SGGradientProgress (= 1.3.6)
    - SGTools/SGPickerView (= 1.3.6)
    - SGTools/SGSearchController (= 1.3.6)
    - SGTools/SGShadowView (= 1.3.6)
    - SGTools/SGSingleAudioPlayer (= 1.3.6)
    - SGTools/SGSpeechSynthesizer (= 1.3.6)
    - SGTools/SGTriangleView (= 1.3.6)
    - SGTools/SGUIKit (= 1.3.6)
    - SGTools/SGVideoPlayer (= 1.3.6)
    - SGTools/SGVocabularyDictation (= 1.3.6)
    - SGTools/SGVoiceAnimationView (= 1.3.6)
  - SGTools/SGAlertView (1.3.6):
    - Masonry
    - SGTools/SGCheckBox
    - SGTools/SGUIKit/SGUIView
  - SGTools/SGAudioPlayer (1.3.6)
  - SGTools/SGCheckBox (1.3.6)
  - SGTools/SGCollectionViewFlowLayout (1.3.6)
  - SGTools/SGGradientProgress (1.3.6)
  - SGTools/SGPickerView (1.3.6):
    - SGTools/SGPickerView/SGAddressPickerView (= 1.3.6)
    - SGTools/SGPickerView/SGBase (= 1.3.6)
    - SGTools/SGPickerView/SGDatePickerView (= 1.3.6)
    - SGTools/SGPickerView/SGStringPickerView (= 1.3.6)
  - SGTools/SGPickerView/SGAddressPickerView (1.3.6):
    - SGTools/SGPickerView/SGBase
  - SGTools/SGPickerView/SGBase (1.3.6)
  - SGTools/SGPickerView/SGDatePickerView (1.3.6):
    - SGTools/SGPickerView/SGBase
  - SGTools/SGPickerView/SGStringPickerView (1.3.6):
    - SGTools/SGPickerView/SGBase
  - SGTools/SGSearchController (1.3.6)
  - SGTools/SGShadowView (1.3.6)
  - SGTools/SGSingleAudioPlayer (1.3.6)
  - SGTools/SGSpeechSynthesizer (1.3.6)
  - SGTools/SGTriangleView (1.3.6)
  - SGTools/SGUIKit (1.3.6):
    - SGTools/SGUIKit/SGUIView (= 1.3.6)
  - SGTools/SGUIKit/SGUIView (1.3.6)
  - SGTools/SGVideoPlayer (1.3.6)
  - SGTools/SGVocabularyDictation (1.3.6):
    - Masonry
  - SGTools/SGVoiceAnimationView (1.3.6)
  - SwipeView (1.3.2)
  - TFHpple (2.0.0)
  - XMLDictionary (1.4.1)
  - YJActivityIndicatorView (1.0.0)
  - YJBaseModule (1.2.6):
    - YJBaseModule/Base (= 1.2.6)
    - YJBaseModule/Manager (= 1.2.6)
    - YJBaseModule/MarqueeLabel (= 1.2.6)
    - YJBaseModule/YJBHpple (= 1.2.6)
    - YJBaseModule/YJBWebView (= 1.2.6)
  - YJBaseModule/Base (1.2.6):
    - LGAlertHUD
    - Masonry
    - MJExtension
    - MJRefresh
    - YJActivityIndicatorView
    - YJBaseModule/Manager
    - YJExtensions
  - YJBaseModule/Manager (1.2.6):
    - YJExtensions
  - YJBaseModule/MarqueeLabel (1.2.6)
  - YJBaseModule/YJBHpple (1.2.6)
  - YJBaseModule/YJBWebView (1.2.6):
    - Masonry
    - YJBaseModule/Manager
    - YJBaseModule/MarqueeLabel
    - YJBaseModule/YJBHpple
    - YJExtensions
  - YJExtensions (1.2.4):
    - YJExtensions/Foundation (= 1.2.4)
    - YJExtensions/UIKit (= 1.2.4)
    - YJExtensions/YJEHpple (= 1.2.4)
  - YJExtensions/Foundation (1.2.4):
    - YJExtensions/YJEHpple
  - YJExtensions/UIKit (1.2.4):
    - YJExtensions/Foundation
  - YJExtensions/YJEHpple (1.2.4)
  - YJFontAlertView (1.0.5):
    - Masonry
    - YJExtensions
  - YJImageBrowser (1.0.1):
    - YJImageBrowser/Const (= 1.0.1)
    - YJImageBrowser/ProgressView (= 1.0.1)
    - YJImageBrowser/YJImageBrowserView (= 1.0.1)
  - YJImageBrowser/Const (1.0.1):
    - YJExtensions
  - YJImageBrowser/ProgressView (1.0.1)
  - YJImageBrowser/YJImageBrowserView (1.0.1):
    - SDWebImage
    - YJImageBrowser/Const
    - YJImageBrowser/ProgressView
  - YJMediaPlayer (1.2.4):
    - YJMediaPlayer/Category (= 1.2.4)
    - YJMediaPlayer/Lrc (= 1.2.4)
    - YJMediaPlayer/Model (= 1.2.4)
    - YJMediaPlayer/Player (= 1.2.4)
    - YJMediaPlayer/View (= 1.2.4)
  - YJMediaPlayer/Category (1.2.4)
  - YJMediaPlayer/Lrc (1.2.4):
    - Masonry
    - MJExtension
  - YJMediaPlayer/Model (1.2.4):
    - YJMediaPlayer/Category
    - YJMediaPlayer/Lrc
  - YJMediaPlayer/Player (1.2.4):
    - IJKMediaFramework
    - YJMediaPlayer/Model
    - YJMediaPlayer/View
  - YJMediaPlayer/View (1.2.4):
    - Masonry
    - SDWebImage
    - YJMediaPlayer/Category
    - YJMediaPlayer/Lrc
    - YJMediaPlayer/Model
  - YJNetManager (1.2.0):
    - AFNetworking
    - LGLog
    - Reachability
    - YJExtensions
  - YJPresentAnimation (1.0.2)
  - YJResizableSplitView (1.0.0):
    - Masonry
  - YJSearchController (1.0.6):
    - LGAlertHUD
    - Masonry
    - YJExtensions
    - YJSearchController/PinYin (= 1.0.6)
  - YJSearchController/PinYin (1.0.6):
    - LGAlertHUD
    - Masonry
    - YJExtensions
  - YJTaskMark (1.1.3):
    - YJTaskMark/kuyou (= 1.1.3)
    - YJTaskMark/Util (= 1.1.3)
  - YJTaskMark/kuyou (1.1.3)
  - YJTaskMark/Util (1.1.3):
    - LGAlertHUD
    - YJExtensions
    - YJNetManager
    - YJTaskMark/kuyou
  - YJTaskModule (1.3.7):
    - YJTaskModule/ActivityIndicatorView (= 1.3.7)
    - YJTaskModule/AnswerEditView (= 1.3.7)
    - YJTaskModule/Base (= 1.3.7)
    - YJTaskModule/BaseItem (= 1.3.7)
    - YJTaskModule/Cell (= 1.3.7)
    - YJTaskModule/Const (= 1.3.7)
    - YJTaskModule/ImageLabel (= 1.3.7)
    - YJTaskModule/ListenPlayer (= 1.3.7)
    - YJTaskModule/MatchView (= 1.3.7)
    - YJTaskModule/Model (= 1.3.7)
    - YJTaskModule/TaskItem (= 1.3.7)
    - YJTaskModule/TitleView (= 1.3.7)
    - YJTaskModule/TopicCardView (= 1.3.7)
    - YJTaskModule/TopicView (= 1.3.7)
    - YJTaskModule/YJCorrect (= 1.3.7)
    - YJTaskModule/YJFileManager (= 1.3.7)
    - YJTaskModule/YJProgressView (= 1.3.7)
    - YJTaskModule/YJSpeechMarkView (= 1.3.7)
  - YJTaskModule/ActivityIndicatorView (1.3.7)
  - YJTaskModule/AnswerEditView (1.3.7):
    - LGAlertHUD
    - Masonry
    - TFHpple
    - YJResizableSplitView
    - YJTaskModule/Base
    - YJTaskModule/Const
  - YJTaskModule/Base (1.3.7):
    - BlocksKit
    - LGAlertHUD
    - MJExtension
    - YJTaskModule/Const
  - YJTaskModule/BaseItem (1.3.7):
    - Masonry
    - YJTaskModule/Const
    - YJTaskModule/Model
    - YJTaskModule/TitleView
  - YJTaskModule/Cell (1.3.7):
    - LGAlertHUD
    - LGTalk
    - Masonry
    - SDWebImage
    - TFHpple
    - YJNetManager
    - YJTaskMark
    - YJTaskModule/Base
    - YJTaskModule/Const
    - YJTaskModule/ImageLabel
    - YJTaskModule/Model
    - YJTaskModule/YJSpeechMarkView
    - YJUtils
  - YJTaskModule/Const (1.3.7):
    - YJExtensions
  - YJTaskModule/ImageLabel (1.3.7):
    - Masonry
    - YJTaskModule/Const
  - YJTaskModule/ListenPlayer (1.3.7):
    - LGAlertHUD
    - Masonry
    - YJSearchController
    - YJTaskModule/Base
    - YJTaskModule/Const
    - YJTaskModule/YJProgressView
  - YJTaskModule/MatchView (1.3.7):
    - Masonry
    - YJTaskModule/Base
    - YJTaskModule/Const
    - YJTaskModule/ImageLabel
  - YJTaskModule/Model (1.3.7):
    - MJExtension
    - TFHpple
    - YJNetManager
    - YJTaskMark
    - YJTaskModule/Base
    - YJTaskModule/Const
    - YJTaskModule/TopicCardView
    - YJTaskModule/YJFileManager
  - YJTaskModule/TaskItem (1.3.7):
    - Masonry
    - SwipeView
    - YJResizableSplitView
    - YJTaskModule/AnswerEditView
    - YJTaskModule/BaseItem
    - YJTaskModule/Cell
    - YJTaskModule/Const
    - YJTaskModule/Model
    - YJTaskModule/TitleView
    - YJTaskModule/TopicView
  - YJTaskModule/TitleView (1.3.7):
    - Masonry
    - YJTaskModule/Const
  - YJTaskModule/TopicCardView (1.3.7):
    - Masonry
    - YJTaskModule/Const
    - YJTaskModule/ImageLabel
  - YJTaskModule/TopicView (1.3.7):
    - Masonry
    - TFHpple
    - YJSearchController
    - YJTaskModule/ActivityIndicatorView
    - YJTaskModule/Const
    - YJTaskModule/ListenPlayer
    - YJTaskModule/MatchView
    - YJTaskModule/Model
    - YJTaskModule/YJCorrect
  - YJTaskModule/YJCorrect (1.3.7):
    - LGAlertHUD
    - Masonry
    - YJTaskModule/Base
    - YJTaskModule/Const
    - YJTaskModule/Model
  - YJTaskModule/YJFileManager (1.3.7)
  - YJTaskModule/YJProgressView (1.3.7)
  - YJTaskModule/YJSpeechMarkView (1.3.7):
    - Masonry
    - YJTaskModule/Const
  - YJUtils (1.1.1):
    - YJUtils/YJAudioMerger (= 1.1.1)
    - YJUtils/YJAudioPlayer (= 1.1.1)
    - YJUtils/YJMediaCutter (= 1.1.1)
  - YJUtils/YJAudioMerger (1.1.1)
  - YJUtils/YJAudioPlayer (1.1.1)
  - YJUtils/YJMediaCutter (1.1.1)
  - YYImage (1.0.4):
    - YYImage/Core (= 1.0.4)
  - YYImage/Core (1.0.4)

DEPENDENCIES:
  - LGTeachingMaterialFramework (from `../Github/`)
  - MJExtension

SPEC REPOS:
  https://github.com/cocoapods/specs.git:
    - AFNetworking
    - BlocksKit
    - IJKMediaFramework
    - LGAlertHUD
    - LGDictionary
    - LGLog
    - LGNote
    - LGTalk
    - MarqueeLabel
    - Masonry
    - MJExtension
    - MJRefresh
    - MSWeakTimer
    - PSGChainedMode
    - Reachability
    - ReactiveObjC
    - SDWebImage
    - SGTools
    - SwipeView
    - TFHpple
    - XMLDictionary
    - YJActivityIndicatorView
    - YJBaseModule
    - YJExtensions
    - YJFontAlertView
    - YJImageBrowser
    - YJMediaPlayer
    - YJNetManager
    - YJPresentAnimation
    - YJResizableSplitView
    - YJSearchController
    - YJTaskMark
    - YJTaskModule
    - YJUtils
    - YYImage

EXTERNAL SOURCES:
  LGTeachingMaterialFramework:
    :path: "../Github/"

SPEC CHECKSUMS:
  AFNetworking: b6f891fdfaed196b46c7a83cf209e09697b94057
  BlocksKit: 7f422b971407001178d181a43b99014ea2591fe6
  IJKMediaFramework: d1c0b5b37a449c6c15af19ca7607c54640ef15a6
  LGAlertHUD: d14fa1d2ab68418cf8f0a1fcb1a8d9eee6a4841b
  LGDictionary: 60583c0271f330cbdb45f2163100810734d61906
  LGLog: a58e542c6c99755d1b8eca492b2acf70a3115731
  LGNote: 0dfe2a5a00685dade648c9a86c5d5ee31ecbc77c
  LGTalk: 977ce4056850e5852747c534a1789d3a048e7ec5
  LGTeachingMaterialFramework: 9e6abe36b762d460349b817076fb13b969b70e7b
  MarqueeLabel: 440a502b91a9179bd98f9fff00ba1150650a1c0e
  Masonry: 678fab65091a9290e40e2832a55e7ab731aad201
  MJExtension: 635f2c663dcb1bf76fa4b715b2570a5710aec545
  MJRefresh: eeda70fbf0ad277f3178cef1cd0c3532591d6237
  MSWeakTimer: 9426150f933b80ed3acf3f6d228e4b61f0e303c8
  PSGChainedMode: 47419d5f9495ae1d1dd611656fcd10376016e36f
  Reachability: 33e18b67625424e47b6cde6d202dce689ad7af96
  ReactiveObjC: 011caa393aa0383245f2dcf9bf02e86b80b36040
  SDWebImage: 4ca2dc4eefae4224bea8f504251cda485a363745
  SGTools: e78c28a116407f6a04d987f18eb629f978b0b09a
  SwipeView: bd67cfaf7760c036438446b3ccb28a3b84fce009
  TFHpple: a916fe0799eb30aa29b2670d14d5868cdd3a5b81
  XMLDictionary: fa07b6ff422b3a91d47a5de9bc82e3fc04fbd167
  YJActivityIndicatorView: f51112fa59d69762bd6147cf0da573ff2a9a0215
  YJBaseModule: de2b15976f6ef2057d93adfd853a98419a7e32d2
  YJExtensions: 56016739f3a1db03e9e816624f094a35702a4dff
  YJFontAlertView: 72f2e5b12b1f543f539501a4c54f8d0c7d24a4db
  YJImageBrowser: d879399f8ee957f79333b957c64f5d8258b32277
  YJMediaPlayer: 3ffd47ec325393f9cdbb1fc08050f0ecd0a12957
  YJNetManager: ea4d76046ac25125187ce4edd5ec22bbeb84744c
  YJPresentAnimation: 58af2bfff17028cb286ecd442d418af8997f8740
  YJResizableSplitView: 5ce0f3e8a608552a6f9a8c4d987e589a9c21b17e
  YJSearchController: 77970cc713a6dbb22abb465fb6af2ceb11bb46d9
  YJTaskMark: af9e04cc65cc35344a9286e534aeaa810117f637
  YJTaskModule: 7c20bd774f64d22b10005d2cde0d22537c0a1675
  YJUtils: 0ea42b64066e5b1f077bf894505b303f894fdebc
  YYImage: 1e1b62a9997399593e4b9c4ecfbbabbf1d3f3b54

PODFILE CHECKSUM: 7cdc09c93ae4df42155faa0c05c8a4e3015db025

COCOAPODS: 1.7.5
